
Microsoft Visual Studio Solution File, Format Version 12.00
# Visual Studio Version 17
VisualStudioVersion = 17.5.002.0
MinimumVisualStudioVersion = 10.0.40219.1
Project("{9A19103F-16F7-4668-BE54-9A1E7A4F7556}") = "GetGachonSchedule-Bot", "GetGachonSchedule-Bot.csproj", "{3D9A957E-C3A8-4F92-8C1D-0E93C33156DA}"
EndProject
Global
	GlobalSection(SolutionConfigurationPlatforms) = preSolution
		Debug|Any CPU = Debug|Any CPU
		Release|Any CPU = Release|Any CPU
	EndGlobalSection
	GlobalSection(ProjectConfigurationPlatforms) = postSolution
		{3D9A957E-C3A8-4F92-8C1D-0E93C33156DA}.Debug|Any CPU.ActiveCfg = Debug|Any CPU
		{3D9A957E-C3A8-4F92-8C1D-0E93C33156DA}.Debug|Any CPU.Build.0 = Debug|Any CPU
		{3D9A957E-C3A8-4F92-8C1D-0E93C33156DA}.Release|Any CPU.ActiveCfg = Release|Any CPU
		{3D9A957E-C3A8-4F92-8C1D-0E93C33156DA}.Release|Any CPU.Build.0 = Release|Any CPU
	EndGlobalSection
	GlobalSection(SolutionProperties) = preSolution
		HideSolutionNode = FALSE
	EndGlobalSection
	GlobalSection(ExtensibilityGlobals) = postSolution
		SolutionGuid = {3505C048-AC50-4A08-9201-87AB253B880B}
	EndGlobalSection
EndGlobal
